// !$*UTF8*$!
{
	archiveVersion = 1;
	classes = {
	};
	objectVersion = 55;
	objects = {

/* Begin PBXBuildFile section */
		F3549608285B15D800E38B8D /* AppDelegate.swift in Sources */ = {isa = PBXBuildFile; fileRef = F3549607285B15D800E38B8D /* AppDelegate.swift */; };
		F354960A285B15D800E38B8D /* SceneDelegate.swift in Sources */ = {isa = PBXBuildFile; fileRef = F3549609285B15D800E38B8D /* SceneDelegate.swift */; };
		F354960C285B15D800E38B8D /* EntryViewController.swift in Sources */ = {isa = PBXBuildFile; fileRef = F354960B285B15D800E38B8D /* EntryViewController.swift */; };
		F354960F285B15D800E38B8D /* Main.storyboard in Resources */ = {isa = PBXBuildFile; fileRef = F354960D285B15D800E38B8D /* Main.storyboard */; };
		F3549611285B15DC00E38B8D /* Assets.xcassets in Resources */ = {isa = PBXBuildFile; fileRef = F3549610285B15DC00E38B8D /* Assets.xcassets */; };
		F3549614285B15DC00E38B8D /* LaunchScreen.storyboard in Resources */ = {isa = PBXBuildFile; fileRef = F3549612285B15DC00E38B8D /* LaunchScreen.storyboard */; };
		F354961F285B15DC00E38B8D /* CodeChallengeTests.swift in Sources */ = {isa = PBXBuildFile; fileRef = F354961E285B15DC00E38B8D /* CodeChallengeTests.swift */; };
		F3549629285B15DC00E38B8D /* CodeChallengeUITests.swift in Sources */ = {isa = PBXBuildFile; fileRef = F3549628285B15DC00E38B8D /* CodeChallengeUITests.swift */; };
		F354962B285B15DC00E38B8D /* CodeChallengeUITestsLaunchTests.swift in Sources */ = {isa = PBXBuildFile; fileRef = F354962A285B15DC00E38B8D /* CodeChallengeUITestsLaunchTests.swift */; };
		F3549639285B294F00E38B8D /* Realm in Frameworks */ = {isa = PBXBuildFile; productRef = F3549638285B294F00E38B8D /* Realm */; };
		F354963B285B294F00E38B8D /* RealmSwift in Frameworks */ = {isa = PBXBuildFile; productRef = F354963A285B294F00E38B8D /* RealmSwift */; };
/* End PBXBuildFile section */

/* Begin PBXContainerItemProxy section */
		F354961B285B15DC00E38B8D /* PBXContainerItemProxy */ = {
			isa = PBXContainerItemProxy;
			containerPortal = F35495FC285B15D800E38B8D /* Project object */;
			proxyType = 1;
			remoteGlobalIDString = F3549603285B15D800E38B8D;
			remoteInfo = CodeChallenge;
		};
		F3549625285B15DC00E38B8D /* PBXContainerItemProxy */ = {
			isa = PBXContainerItemProxy;
			containerPortal = F35495FC285B15D800E38B8D /* Project object */;
			proxyType = 1;
			remoteGlobalIDString = F3549603285B15D800E38B8D;
			remoteInfo = CodeChallenge;
		};
/* End PBXContainerItemProxy section */

/* Begin PBXFileReference section */
		F3549604285B15D800E38B8D /* CodeChallenge.app */ = {isa = PBXFileReference; explicitFileType = wrapper.application; includeInIndex = 0; path = CodeChallenge.app; sourceTree = BUILT_PRODUCTS_DIR; };
		F3549607285B15D800E38B8D /* AppDelegate.swift */ = {isa = PBXFileReference; lastKnownFileType = sourcecode.swift; path = AppDelegate.swift; sourceTree = "<group>"; };
		F3549609285B15D800E38B8D /* SceneDelegate.swift */ = {isa = PBXFileReference; lastKnownFileType = sourcecode.swift; path = SceneDelegate.swift; sourceTree = "<group>"; };
		F354960B285B15D800E38B8D /* EntryViewController.swift */ = {isa = PBXFileReference; lastKnownFileType = sourcecode.swift; path = EntryViewController.swift; sourceTree = "<group>"; };
		F354960E285B15D800E38B8D /* Base */ = {isa = PBXFileReference; lastKnownFileType = file.storyboard; name = Base; path = Base.lproj/Main.storyboard; sourceTree = "<group>"; };
		F3549610285B15DC00E38B8D /* Assets.xcassets */ = {isa = PBXFileReference; lastKnownFileType = folder.assetcatalog; path = Assets.xcassets; sourceTree = "<group>"; };
		F3549613285B15DC00E38B8D /* Base */ = {isa = PBXFileReference; lastKnownFileType = file.storyboard; name = Base; path = Base.lproj/LaunchScreen.storyboard; sourceTree = "<group>"; };
		F3549615285B15DC00E38B8D /* Info.plist */ = {isa = PBXFileReference; lastKnownFileType = text.plist.xml; path = Info.plist; sourceTree = "<group>"; };
		F354961A285B15DC00E38B8D /* CodeChallengeTests.xctest */ = {isa = PBXFileReference; explicitFileType = wrapper.cfbundle; includeInIndex = 0; path = CodeChallengeTests.xctest; sourceTree = BUILT_PRODUCTS_DIR; };
		F354961E285B15DC00E38B8D /* CodeChallengeTests.swift */ = {isa = PBXFileReference; lastKnownFileType = sourcecode.swift; path = CodeChallengeTests.swift; sourceTree = "<group>"; };
		F3549624285B15DC00E38B8D /* CodeChallengeUITests.xctest */ = {isa = PBXFileReference; explicitFileType = wrapper.cfbundle; includeInIndex = 0; path = CodeChallengeUITests.xctest; sourceTree = BUILT_PRODUCTS_DIR; };
		F3549628285B15DC00E38B8D /* CodeChallengeUITests.swift */ = {isa = PBXFileReference; lastKnownFileType = sourcecode.swift; path = CodeChallengeUITests.swift; sourceTree = "<group>"; };
		F354962A285B15DC00E38B8D /* CodeChallengeUITestsLaunchTests.swift */ = {isa = PBXFileReference; lastKnownFileType = sourcecode.swift; path = CodeChallengeUITestsLaunchTests.swift; sourceTree = "<group>"; };
/* End PBXFileReference section */

/* Begin PBXFrameworksBuildPhase section */
		F3549601285B15D800E38B8D /* Frameworks */ = {
			isa = PBXFrameworksBuildPhase;
			buildActionMask = 2147483647;
			files = (
				F354963B285B294F00E38B8D /* RealmSwift in Frameworks */,
				F3549639285B294F00E38B8D /* Realm in Frameworks */,
			);
			runOnlyForDeploymentPostprocessing = 0;
		};
		F3549617285B15DC00E38B8D /* Frameworks */ = {
			isa = PBXFrameworksBuildPhase;
			buildActionMask = 2147483647;
			files = (
			);
			runOnlyForDeploymentPostprocessing = 0;
		};
		F3549621285B15DC00E38B8D /* Frameworks */ = {
			isa = PBXFrameworksBuildPhase;
			buildActionMask = 2147483647;
			files = (
			);
			runOnlyForDeploymentPostprocessing = 0;
		};
/* End PBXFrameworksBuildPhase section */

/* Begin PBXGroup section */
		F35495FB285B15D800E38B8D = {
			isa = PBXGroup;
			children = (
				F3549606285B15D800E38B8D /* CodeChallenge */,
				F354961D285B15DC00E38B8D /* CodeChallengeTests */,
				F3549627285B15DC00E38B8D /* CodeChallengeUITests */,
				F3549605285B15D800E38B8D /* Products */,
			);
			sourceTree = "<group>";
		};
		F3549605285B15D800E38B8D /* Products */ = {
			isa = PBXGroup;
			children = (
				F3549604285B15D800E38B8D /* CodeChallenge.app */,
				F354961A285B15DC00E38B8D /* CodeChallengeTests.xctest */,
				F3549624285B15DC00E38B8D /* CodeChallengeUITests.xctest */,
			);
			name = Products;
			sourceTree = "<group>";
		};
		F3549606285B15D800E38B8D /* CodeChallenge */ = {
			isa = PBXGroup;
			children = (
				F3549607285B15D800E38B8D /* AppDelegate.swift */,
				F3549609285B15D800E38B8D /* SceneDelegate.swift */,
				F354960B285B15D800E38B8D /* EntryViewController.swift */,
				F354960D285B15D800E38B8D /* Main.storyboard */,
				F3549610285B15DC00E38B8D /* Assets.xcassets */,
				F3549612285B15DC00E38B8D /* LaunchScreen.storyboard */,
				F3549615285B15DC00E38B8D /* Info.plist */,
			);
			path = CodeChallenge;
			sourceTree = "<group>";
		};
		F354961D285B15DC00E38B8D /* CodeChallengeTests */ = {
			isa = PBXGroup;
			children = (
				F354961E285B15DC00E38B8D /* CodeChallengeTests.swift */,
			);
			path = CodeChallengeTests;
			sourceTree = "<group>";
		};
		F3549627285B15DC00E38B8D /* CodeChallengeUITests */ = {
			isa = PBXGroup;
			children = (
				F3549628285B15DC00E38B8D /* CodeChallengeUITests.swift */,
				F354962A285B15DC00E38B8D /* CodeChallengeUITestsLaunchTests.swift */,
			);
			path = CodeChallengeUITests;
			sourceTree = "<group>";
		};
/* End PBXGroup section */

/* Begin PBXNativeTarget section */
		F3549603285B15D800E38B8D /* CodeChallenge */ = {
			isa = PBXNativeTarget;
			buildConfigurationList = F354962E285B15DC00E38B8D /* Build configuration list for PBXNativeTarget "CodeChallenge" */;
			buildPhases = (
				F3549600285B15D800E38B8D /* Sources */,
				F3549601285B15D800E38B8D /* Frameworks */,
				F3549602285B15D800E38B8D /* Resources */,
			);
			buildRules = (
			);
			dependencies = (
			);
			name = CodeChallenge;
			packageProductDependencies = (
				F3549638285B294F00E38B8D /* Realm */,
				F354963A285B294F00E38B8D /* RealmSwift */,
			);
			productName = CodeChallenge;
			productReference = F3549604285B15D800E38B8D /* CodeChallenge.app */;
			productType = "com.apple.product-type.application";
		};
		F3549619285B15DC00E38B8D /* CodeChallengeTests */ = {
			isa = PBXNativeTarget;
			buildConfigurationList = F3549631285B15DC00E38B8D /* Build configuration list for PBXNativeTarget "CodeChallengeTests" */;
			buildPhases = (
				F3549616285B15DC00E38B8D /* Sources */,
				F3549617285B15DC00E38B8D /* Frameworks */,
				F3549618285B15DC00E38B8D /* Resources */,
			);
			buildRules = (
			);
			dependencies = (
				F354961C285B15DC00E38B8D /* PBXTargetDependency */,
			);
			name = CodeChallengeTests;
			productName = CodeChallengeTests;
			productReference = F354961A285B15DC00E38B8D /* CodeChallengeTests.xctest */;
			productType = "com.apple.product-type.bundle.unit-test";
		};
		F3549623285B15DC00E38B8D /* CodeChallengeUITests */ = {
			isa = PBXNativeTarget;
			buildConfigurationList = F3549634285B15DC00E38B8D /* Build configuration list for PBXNativeTarget "CodeChallengeUITests" */;
			buildPhases = (
				F3549620285B15DC00E38B8D /* Sources */,
				F3549621285B15DC00E38B8D /* Frameworks */,
				F3549622285B15DC00E38B8D /* Resources */,
			);
			buildRules = (
			);
			dependencies = (
				F3549626285B15DC00E38B8D /* PBXTargetDependency */,
			);
			name = CodeChallengeUITests;
			productName = CodeChallengeUITests;
			productReference = F3549624285B15DC00E38B8D /* CodeChallengeUITests.xctest */;
			productType = "com.apple.product-type.bundle.ui-testing";
		};
/* End PBXNativeTarget section */

/* Begin PBXProject section */
		F35495FC285B15D800E38B8D /* Project object */ = {
			isa = PBXProject;
			attributes = {
				BuildIndependentTargetsInParallel = 1;
				LastSwiftUpdateCheck = 1330;
				LastUpgradeCheck = 1330;
				TargetAttributes = {
					F3549603285B15D800E38B8D = {
						CreatedOnToolsVersion = 13.3;
					};
					F3549619285B15DC00E38B8D = {
						CreatedOnToolsVersion = 13.3;
						TestTargetID = F3549603285B15D800E38B8D;
					};
					F3549623285B15DC00E38B8D = {
						CreatedOnToolsVersion = 13.3;
						TestTargetID = F3549603285B15D800E38B8D;
					};
				};
			};
			buildConfigurationList = F35495FF285B15D800E38B8D /* Build configuration list for PBXProject "CodeChallenge" */;
			compatibilityVersion = "Xcode 13.0";
			developmentRegion = en;
			hasScannedForEncodings = 0;
			knownRegions = (
				en,
				Base,
			);
			mainGroup = F35495FB285B15D800E38B8D;
			packageReferences = (
				F3549637285B294F00E38B8D /* XCRemoteSwiftPackageReference "realm-swift" */,
			);
			productRefGroup = F3549605285B15D800E38B8D /* Products */;
			projectDirPath = "";
			projectRoot = "";
			targets = (
				F3549603285B15D800E38B8D /* CodeChallenge */,
				F3549619285B15DC00E38B8D /* CodeChallengeTests */,
				F3549623285B15DC00E38B8D /* CodeChallengeUITests */,
			);
		};
/* End PBXProject section */

/* Begin PBXResourcesBuildPhase section */
		F3549602285B15D800E38B8D /* Resources */ = {
			isa = PBXResourcesBuildPhase;
			buildActionMask = 2147483647;
			files = (
				F3549614285B15DC00E38B8D /* LaunchScreen.storyboard in Resources */,
				F3549611285B15DC00E38B8D /* Assets.xcassets in Resources */,
				F354960F285B15D800E38B8D /* Main.storyboard in Resources */,
			);
			runOnlyForDeploymentPostprocessing = 0;
		};
		F3549618285B15DC00E38B8D /* Resources */ = {
			isa = PBXResourcesBuildPhase;
			buildActionMask = 2147483647;
			files = (
			);
			runOnlyForDeploymentPostprocessing = 0;
		};
		F3549622285B15DC00E38B8D /* Resources */ = {
			isa = PBXResourcesBuildPhase;
			buildActionMask = 2147483647;
			files = (
			);
			runOnlyForDeploymentPostprocessing = 0;
		};
/* End PBXResourcesBuildPhase section */

/* Begin PBXSourcesBuildPhase section */
		F3549600285B15D800E38B8D /* Sources */ = {
			isa = PBXSourcesBuildPhase;
			buildActionMask = 2147483647;
			files = (
				F354960C285B15D800E38B8D /* EntryViewController.swift in Sources */,
				F3549608285B15D800E38B8D /* AppDelegate.swift in Sources */,
				F354960A285B15D800E38B8D /* SceneDelegate.swift in Sources */,
			);
			runOnlyForDeploymentPostprocessing = 0;
		};
		F3549616285B15DC00E38B8D /* Sources */ = {
			isa = PBXSourcesBuildPhase;
			buildActionMask = 2147483647;
			files = (
				F354961F285B15DC00E38B8D /* CodeChallengeTests.swift in Sources */,
			);
			runOnlyForDeploymentPostprocessing = 0;
		};
		F3549620285B15DC00E38B8D /* Sources */ = {
			isa = PBXSourcesBuildPhase;
			buildActionMask = 2147483647;
			files = (
				F3549629285B15DC00E38B8D /* CodeChallengeUITests.swift in Sources */,
				F354962B285B15DC00E38B8D /* CodeChallengeUITestsLaunchTests.swift in Sources */,
			);
			runOnlyForDeploymentPostprocessing = 0;
		};
/* End PBXSourcesBuildPhase section */

/* Begin PBXTargetDependency section */
		F354961C285B15DC00E38B8D /* PBXTargetDependency */ = {
			isa = PBXTargetDependency;
			target = F3549603285B15D800E38B8D /* CodeChallenge */;
			targetProxy = F354961B285B15DC00E38B8D /* PBXContainerItemProxy */;
		};
		F3549626285B15DC00E38B8D /* PBXTargetDependency */ = {
			isa = PBXTargetDependency;
			target = F3549603285B15D800E38B8D /* CodeChallenge */;
			targetProxy = F3549625285B15DC00E38B8D /* PBXContainerItemProxy */;
		};
/* End PBXTargetDependency section */

/* Begin PBXVariantGroup section */
		F354960D285B15D800E38B8D /* Main.storyboard */ = {
			isa = PBXVariantGroup;
			children = (
				F354960E285B15D800E38B8D /* Base */,
			);
			name = Main.storyboard;
			sourceTree = "<group>";
		};
		F3549612285B15DC00E38B8D /* LaunchScreen.storyboard */ = {
			isa = PBXVariantGroup;
			children = (
				F3549613285B15DC00E38B8D /* Base */,
			);
			name = LaunchScreen.storyboard;
			sourceTree = "<group>";
		};
/* End PBXVariantGroup section */

/* Begin XCBuildConfiguration section */
		F354962C285B15DC00E38B8D /* Debug */ = {
			isa = XCBuildConfiguration;
			buildSettings = {
				ALWAYS_SEARCH_USER_PATHS = NO;
				CLANG_ANALYZER_NONNULL = YES;
				CLANG_ANALYZER_NUMBER_OBJECT_CONVERSION = YES_AGGRESSIVE;
				CLANG_CXX_LANGUAGE_STANDARD = "gnu++17";
				CLANG_ENABLE_MODULES = YES;
				CLANG_ENABLE_OBJC_ARC = YES;
				CLANG_ENABLE_OBJC_WEAK = YES;
				CLANG_WARN_BLOCK_CAPTURE_AUTORELEASING = YES;
				CLANG_WARN_BOOL_CONVERSION = YES;
				CLANG_WARN_COMMA = YES;
				CLANG_WARN_CONSTANT_CONVERSION = YES;
				CLANG_WARN_DEPRECATED_OBJC_IMPLEMENTATIONS = YES;
				CLANG_WARN_DIRECT_OBJC_ISA_USAGE = YES_ERROR;
				CLANG_WARN_DOCUMENTATION_COMMENTS = YES;
				CLANG_WARN_EMPTY_BODY = YES;
				CLANG_WARN_ENUM_CONVERSION = YES;
				CLANG_WARN_INFINITE_RECURSION = YES;
				CLANG_WARN_INT_CONVERSION = YES;
				CLANG_WARN_NON_LITERAL_NULL_CONVERSION = YES;
				CLANG_WARN_OBJC_IMPLICIT_RETAIN_SELF = YES;
				CLANG_WARN_OBJC_LITERAL_CONVERSION = YES;
				CLANG_WARN_OBJC_ROOT_CLASS = YES_ERROR;
				CLANG_WARN_QUOTED_INCLUDE_IN_FRAMEWORK_HEADER = YES;
				CLANG_WARN_RANGE_LOOP_ANALYSIS = YES;
				CLANG_WARN_STRICT_PROTOTYPES = YES;
				CLANG_WARN_SUSPICIOUS_MOVE = YES;
				CLANG_WARN_UNGUARDED_AVAILABILITY = YES_AGGRESSIVE;
				CLANG_WARN_UNREACHABLE_CODE = YES;
				CLANG_WARN__DUPLICATE_METHOD_MATCH = YES;
				COPY_PHASE_STRIP = NO;
				DEBUG_INFORMATION_FORMAT = dwarf;
				ENABLE_STRICT_OBJC_MSGSEND = YES;
				ENABLE_TESTABILITY = YES;
				GCC_C_LANGUAGE_STANDARD = gnu11;
				GCC_DYNAMIC_NO_PIC = NO;
				GCC_NO_COMMON_BLOCKS = YES;
				GCC_OPTIMIZATION_LEVEL = 0;
				GCC_PREPROCESSOR_DEFINITIONS = (
					"DEBUG=1",
					"$(inherited)",
				);
				GCC_WARN_64_TO_32_BIT_CONVERSION = YES;
				GCC_WARN_ABOUT_RETURN_TYPE = YES_ERROR;
				GCC_WARN_UNDECLARED_SELECTOR = YES;
				GCC_WARN_UNINITIALIZED_AUTOS = YES_AGGRESSIVE;
				GCC_WARN_UNUSED_FUNCTION = YES;
				GCC_WARN_UNUSED_VARIABLE = YES;
				IPHONEOS_DEPLOYMENT_TARGET = 15.4;
				MTL_ENABLE_DEBUG_INFO = INCLUDE_SOURCE;
				MTL_FAST_MATH = YES;
				ONLY_ACTIVE_ARCH = YES;
				SDKROOT = iphoneos;
				SWIFT_ACTIVE_COMPILATION_CONDITIONS = DEBUG;
				SWIFT_OPTIMIZATION_LEVEL = "-Onone";
			};
			name = Debug;
		};
		F354962D285B15DC00E38B8D /* Release */ = {
			isa = XCBuildConfiguration;
			buildSettings = {
				ALWAYS_SEARCH_USER_PATHS = NO;
				CLANG_ANALYZER_NONNULL = YES;
				CLANG_ANALYZER_NUMBER_OBJECT_CONVERSION = YES_AGGRESSIVE;
				CLANG_CXX_LANGUAGE_STANDARD = "gnu++17";
				CLANG_ENABLE_MODULES = YES;
				CLANG_ENABLE_OBJC_ARC = YES;
				CLANG_ENABLE_OBJC_WEAK = YES;
				CLANG_WARN_BLOCK_CAPTURE_AUTORELEASING = YES;
				CLANG_WARN_BOOL_CONVERSION = YES;
				CLANG_WARN_COMMA = YES;
				CLANG_WARN_CONSTANT_CONVERSION = YES;
				CLANG_WARN_DEPRECATED_OBJC_IMPLEMENTATIONS = YES;
				CLANG_WARN_DIRECT_OBJC_ISA_USAGE = YES_ERROR;
				CLANG_WARN_DOCUMENTATION_COMMENTS = YES;
				CLANG_WARN_EMPTY_BODY = YES;
				CLANG_WARN_ENUM_CONVERSION = YES;
				CLANG_WARN_INFINITE_RECURSION = YES;
				CLANG_WARN_INT_CONVERSION = YES;
				CLANG_WARN_NON_LITERAL_NULL_CONVERSION = YES;
				CLANG_WARN_OBJC_IMPLICIT_RETAIN_SELF = YES;
				CLANG_WARN_OBJC_LITERAL_CONVERSION = YES;
				CLANG_WARN_OBJC_ROOT_CLASS = YES_ERROR;
				CLANG_WARN_QUOTED_INCLUDE_IN_FRAMEWORK_HEADER = YES;
				CLANG_WARN_RANGE_LOOP_ANALYSIS = YES;
				CLANG_WARN_STRICT_PROTOTYPES = YES;
				CLANG_WARN_SUSPICIOUS_MOVE = YES;
				CLANG_WARN_UNGUARDED_AVAILABILITY = YES_AGGRESSIVE;
				CLANG_WARN_UNREACHABLE_CODE = YES;
				CLANG_WARN__DUPLICATE_METHOD_MATCH = YES;
				COPY_PHASE_STRIP = NO;
				DEBUG_INFORMATION_FORMAT = "dwarf-with-dsym";
				ENABLE_NS_ASSERTIONS = NO;
				ENABLE_STRICT_OBJC_MSGSEND = YES;
				GCC_C_LANGUAGE_STANDARD = gnu11;
				GCC_NO_COMMON_BLOCKS = YES;
				GCC_WARN_64_TO_32_BIT_CONVERSION = YES;
				GCC_WARN_ABOUT_RETURN_TYPE = YES_ERROR;
				GCC_WARN_UNDECLARED_SELECTOR = YES;
				GCC_WARN_UNINITIALIZED_AUTOS = YES_AGGRESSIVE;
				GCC_WARN_UNUSED_FUNCTION = YES;
				GCC_WARN_UNUSED_VARIABLE = YES;
				IPHONEOS_DEPLOYMENT_TARGET = 15.4;
				MTL_ENABLE_DEBUG_INFO = NO;
				MTL_FAST_MATH = YES;
				SDKROOT = iphoneos;
				SWIFT_COMPILATION_MODE = wholemodule;
				SWIFT_OPTIMIZATION_LEVEL = "-O";
				VALIDATE_PRODUCT = YES;
			};
			name = Release;
		};
		F354962F285B15DC00E38B8D /* Debug */ = {
			isa = XCBuildConfiguration;
			buildSettings = {
				ASSETCATALOG_COMPILER_APPICON_NAME = AppIcon;
				ASSETCATALOG_COMPILER_GLOBAL_ACCENT_COLOR_NAME = AccentColor;
				CODE_SIGN_STYLE = Automatic;
				CURRENT_PROJECT_VERSION = 1;
				DEVELOPMENT_TEAM = 9R9C872728;
				GENERATE_INFOPLIST_FILE = YES;
				INFOPLIST_FILE = CodeChallenge/Info.plist;
				INFOPLIST_KEY_UIApplicationSupportsIndirectInputEvents = YES;
				INFOPLIST_KEY_UILaunchStoryboardName = LaunchScreen;
				INFOPLIST_KEY_UIMainStoryboardFile = Main;
				INFOPLIST_KEY_UISupportedInterfaceOrientations_iPad = "UIInterfaceOrientationPortrait UIInterfaceOrientationPortraitUpsideDown UIInterfaceOrientationLandscapeLeft UIInterfaceOrientationLandscapeRight";
				INFOPLIST_KEY_UISupportedInterfaceOrientations_iPhone = "UIInterfaceOrientationPortrait UIInterfaceOrientationLandscapeLeft UIInterfaceOrientationLandscapeRight";
				IPHONEOS_DEPLOYMENT_TARGET = 14.0;
				LD_RUNPATH_SEARCH_PATHS = (
					"$(inherited)",
					"@executable_path/Frameworks",
				);
				MARKETING_VERSION = 1.0;
				PRODUCT_BUNDLE_IDENTIFIER = dk.akqa.CodeChallenge;
				PRODUCT_NAME = "$(TARGET_NAME)";
				SWIFT_EMIT_LOC_STRINGS = YES;
				SWIFT_VERSION = 5.0;
				TARGETED_DEVICE_FAMILY = 1;
			};
			name = Debug;
		};
		F3549630285B15DC00E38B8D /* Release */ = {
			isa = XCBuildConfiguration;
			buildSettings = {
				ASSETCATALOG_COMPILER_APPICON_NAME = AppIcon;
				ASSETCATALOG_COMPILER_GLOBAL_ACCENT_COLOR_NAME = AccentColor;
				CODE_SIGN_STYLE = Automatic;
				CURRENT_PROJECT_VERSION = 1;
				DEVELOPMENT_TEAM = 9R9C872728;
				GENERATE_INFOPLIST_FILE = YES;
				INFOPLIST_FILE = CodeChallenge/Info.plist;
				INFOPLIST_KEY_UIApplicationSupportsIndirectInputEvents = YES;
				INFOPLIST_KEY_UILaunchStoryboardName = LaunchScreen;
				INFOPLIST_KEY_UIMainStoryboardFile = Main;
				INFOPLIST_KEY_UISupportedInterfaceOrientations_iPad = "UIInterfaceOrientationPortrait UIInterfaceOrientationPortraitUpsideDown UIInterfaceOrientationLandscapeLeft UIInterfaceOrientationLandscapeRight";
				INFOPLIST_KEY_UISupportedInterfaceOrientations_iPhone = "UIInterfaceOrientationPortrait UIInterfaceOrientationLandscapeLeft UIInterfaceOrientationLandscapeRight";
				IPHONEOS_DEPLOYMENT_TARGET = 14.0;
				LD_RUNPATH_SEARCH_PATHS = (
					"$(inherited)",
					"@executable_path/Frameworks",
				);
				MARKETING_VERSION = 1.0;
				PRODUCT_BUNDLE_IDENTIFIER = dk.akqa.CodeChallenge;
				PRODUCT_NAME = "$(TARGET_NAME)";
				SWIFT_EMIT_LOC_STRINGS = YES;
				SWIFT_VERSION = 5.0;
				TARGETED_DEVICE_FAMILY = 1;
			};
			name = Release;
		};
		F3549632285B15DC00E38B8D /* Debug */ = {
			isa = XCBuildConfiguration;
			buildSettings = {
				ALWAYS_EMBED_SWIFT_STANDARD_LIBRARIES = YES;
				BUNDLE_LOADER = "$(TEST_HOST)";
				CODE_SIGN_STYLE = Automatic;
				CURRENT_PROJECT_VERSION = 1;
				DEVELOPMENT_TEAM = 9R9C872728;
				GENERATE_INFOPLIST_FILE = YES;
				IPHONEOS_DEPLOYMENT_TARGET = 15.4;
				MARKETING_VERSION = 1.0;
				PRODUCT_BUNDLE_IDENTIFIER = dk.akqa.CodeChallengeTests;
				PRODUCT_NAME = "$(TARGET_NAME)";
				SWIFT_EMIT_LOC_STRINGS = NO;
				SWIFT_VERSION = 5.0;
				TARGETED_DEVICE_FAMILY = "1,2";
				TEST_HOST = "$(BUILT_PRODUCTS_DIR)/CodeChallenge.app/CodeChallenge";
			};
			name = Debug;
		};
		F3549633285B15DC00E38B8D /* Release */ = {
			isa = XCBuildConfiguration;
			buildSettings = {
				ALWAYS_EMBED_SWIFT_STANDARD_LIBRARIES = YES;
				BUNDLE_LOADER = "$(TEST_HOST)";
				CODE_SIGN_STYLE = Automatic;
				CURRENT_PROJECT_VERSION = 1;
				DEVELOPMENT_TEAM = 9R9C872728;
				GENERATE_INFOPLIST_FILE = YES;
				IPHONEOS_DEPLOYMENT_TARGET = 15.4;
				MARKETING_VERSION = 1.0;
				PRODUCT_BUNDLE_IDENTIFIER = dk.akqa.CodeChallengeTests;
				PRODUCT_NAME = "$(TARGET_NAME)";
				SWIFT_EMIT_LOC_STRINGS = NO;
				SWIFT_VERSION = 5.0;
				TARGETED_DEVICE_FAMILY = "1,2";
				TEST_HOST = "$(BUILT_PRODUCTS_DIR)/CodeChallenge.app/CodeChallenge";
			};
			name = Release;
		};
		F3549635285B15DC00E38B8D /* Debug */ = {
			isa = XCBuildConfiguration;
			buildSettings = {
				ALWAYS_EMBED_SWIFT_STANDARD_LIBRARIES = YES;
				CODE_SIGN_STYLE = Automatic;
				CURRENT_PROJECT_VERSION = 1;
				DEVELOPMENT_TEAM = 9R9C872728;
				GENERATE_INFOPLIST_FILE = YES;
				MARKETING_VERSION = 1.0;
				PRODUCT_BUNDLE_IDENTIFIER = dk.akqa.CodeChallengeUITests;
				PRODUCT_NAME = "$(TARGET_NAME)";
				SWIFT_EMIT_LOC_STRINGS = NO;
				SWIFT_VERSION = 5.0;
				TARGETED_DEVICE_FAMILY = "1,2";
				TEST_TARGET_NAME = CodeChallenge;
			};
			name = Debug;
		};
		F3549636285B15DC00E38B8D /* Release */ = {
			isa = XCBuildConfiguration;
			buildSettings = {
				ALWAYS_EMBED_SWIFT_STANDARD_LIBRARIES = YES;
				CODE_SIGN_STYLE = Automatic;
				CURRENT_PROJECT_VERSION = 1;
				DEVELOPMENT_TEAM = 9R9C872728;
				GENERATE_INFOPLIST_FILE = YES;
				MARKETING_VERSION = 1.0;
				PRODUCT_BUNDLE_IDENTIFIER = dk.akqa.CodeChallengeUITests;
				PRODUCT_NAME = "$(TARGET_NAME)";
				SWIFT_EMIT_LOC_STRINGS = NO;
				SWIFT_VERSION = 5.0;
				TARGETED_DEVICE_FAMILY = "1,2";
				TEST_TARGET_NAME = CodeChallenge;
			};
			name = Release;
		};
/* End XCBuildConfiguration section */

/* Begin XCConfigurationList section */
		F35495FF285B15D800E38B8D /* Build configuration list for PBXProject "CodeChallenge" */ = {
			isa = XCConfigurationList;
			buildConfigurations = (
				F354962C285B15DC00E38B8D /* Debug */,
				F354962D285B15DC00E38B8D /* Release */,
			);
			defaultConfigurationIsVisible = 0;
			defaultConfigurationName = Release;
		};
		F354962E285B15DC00E38B8D /* Build configuration list for PBXNativeTarget "CodeChallenge" */ = {
			isa = XCConfigurationList;
			buildConfigurations = (
				F354962F285B15DC00E38B8D /* Debug */,
				F3549630285B15DC00E38B8D /* Release */,
			);
			defaultConfigurationIsVisible = 0;
			defaultConfigurationName = Release;
		};
		F3549631285B15DC00E38B8D /* Build configuration list for PBXNativeTarget "CodeChallengeTests" */ = {
			isa = XCConfigurationList;
			buildConfigurations = (
				F3549632285B15DC00E38B8D /* Debug */,
				F3549633285B15DC00E38B8D /* Release */,
			);
			defaultConfigurationIsVisible = 0;
			defaultConfigurationName = Release;
		};
		F3549634285B15DC00E38B8D /* Build configuration list for PBXNativeTarget "CodeChallengeUITests" */ = {
			isa = XCConfigurationList;
			buildConfigurations = (
				F3549635285B15DC00E38B8D /* Debug */,
				F3549636285B15DC00E38B8D /* Release */,
			);
			defaultConfigurationIsVisible = 0;
			defaultConfigurationName = Release;
		};
/* End XCConfigurationList section */

/* Begin XCRemoteSwiftPackageReference section */
		F3549637285B294F00E38B8D /* XCRemoteSwiftPackageReference "realm-swift" */ = {
			isa = XCRemoteSwiftPackageReference;
			repositoryURL = "https://github.com/realm/realm-swift.git";
			requirement = {
				branch = master;
				kind = branch;
			};
		};
/* End XCRemoteSwiftPackageReference section */

/* Begin XCSwiftPackageProductDependency section */
		F3549638285B294F00E38B8D /* Realm */ = {
			isa = XCSwiftPackageProductDependency;
			package = F3549637285B294F00E38B8D /* XCRemoteSwiftPackageReference "realm-swift" */;
			productName = Realm;
		};
		F354963A285B294F00E38B8D /* RealmSwift */ = {
			isa = XCSwiftPackageProductDependency;
			package = F3549637285B294F00E38B8D /* XCRemoteSwiftPackageReference "realm-swift" */;
			productName = RealmSwift;
		};
/* End XCSwiftPackageProductDependency section */
	};
	rootObject = F35495FC285B15D800E38B8D /* Project object */;
}
